
Microsoft Visual Studio Solution File, Format Version 12.00
# Visual Studio Version 17
VisualStudioVersion = 17.1.32421.90
MinimumVisualStudioVersion = 10.0.40219.1
Project("{FAE04EC0-301F-11D3-BF4B-00C04F79EFBC}") = "ProductoConsumidor", "ProductoConsumidor\ProductoConsumidor.csproj", "{796E612E-D8D4-4123-9FC3-35480D535126}"
EndProject
Global
	GlobalSection(SolutionConfigurationPlatforms) = preSolution
		Debug|Any CPU = Debug|Any CPU
		Release|Any CPU = Release|Any CPU
	EndGlobalSection
	GlobalSection(ProjectConfigurationPlatforms) = postSolution
		{796E612E-D8D4-4123-9FC3-35480D535126}.Debug|Any CPU.ActiveCfg = Debug|Any CPU
		{796E612E-D8D4-4123-9FC3-35480D535126}.Debug|Any CPU.Build.0 = Debug|Any CPU
		{796E612E-D8D4-4123-9FC3-35480D535126}.Release|Any CPU.ActiveCfg = Release|Any CPU
		{796E612E-D8D4-4123-9FC3-35480D535126}.Release|Any CPU.Build.0 = Release|Any CPU
	EndGlobalSection
	GlobalSection(SolutionProperties) = preSolution
		HideSolutionNode = FALSE
	EndGlobalSection
	GlobalSection(ExtensibilityGlobals) = postSolution
		SolutionGuid = {101356C4-1CEF-47C3-9671-485744634F01}
	EndGlobalSection
EndGlobal
